
Microsoft Visual Studio Solution File, Format Version 12.00
# Visual Studio Version 16
VisualStudioVersion = 16.0.31025.194
MinimumVisualStudioVersion = 10.0.40219.1
Project("{FAE04EC0-301F-11D3-BF4B-00C04F79EFBC}") = "cwiczenia2_zen-s19743", "cwiczenia2_zen-s19743.csproj", "{F3425C49-5439-4012-B675-3D051C0F245F}"
EndProject
Global
	GlobalSection(SolutionConfigurationPlatforms) = preSolution
		Debug|Any CPU = Debug|Any CPU
		Release|Any CPU = Release|Any CPU
	EndGlobalSection
	GlobalSection(ProjectConfigurationPlatforms) = postSolution
		{F3425C49-5439-4012-B675-3D051C0F245F}.Debug|Any CPU.ActiveCfg = Debug|Any CPU
		{F3425C49-5439-4012-B675-3D051C0F245F}.Debug|Any CPU.Build.0 = Debug|Any CPU
		{F3425C49-5439-4012-B675-3D051C0F245F}.Release|Any CPU.ActiveCfg = Release|Any CPU
		{F3425C49-5439-4012-B675-3D051C0F245F}.Release|Any CPU.Build.0 = Release|Any CPU
	EndGlobalSection
	GlobalSection(SolutionProperties) = preSolution
		HideSolutionNode = FALSE
	EndGlobalSection
	GlobalSection(ExtensibilityGlobals) = postSolution
		SolutionGuid = {69292EB3-34DB-4FB1-9837-63D996D8EE82}
	EndGlobalSection
EndGlobal
